{
  "name": "oont",
  "version": "0.3.0-alpha.2",
  "lockfileVersion": 3,
  "requires": true,
  "packages": {
    "": {
      "name": "oont",
      "version": "0.3.0-alpha.2",
      "license": "Apache-2.0",
      "bin": {
        "oont": "bin/oont.mjs"
      },
      "engines": {
        "node": ">=24"
      }
    }
  }
}
